
Microsoft Visual Studio Solution File, Format Version 12.00
# Visual Studio Version 17
VisualStudioVersion = 17.0.31903.59
MinimumVisualStudioVersion = 10.0.40219.1
Project("{2150E333-8FDC-42A3-9474-1A3956D46DE8}") = "src", "src", "{827E0CD3-B72D-47B6-A68D-7590B98EB39B}"
EndProject
Project("{FAE04EC0-301F-11D3-BF4B-00C04F79EFBC}") = "ReleaseOrder", "src\ReleaseOrder\ReleaseOrder.csproj", "{3D8CDC15-24E9-CFAD-7C61-151A03EDA7F3}"
EndProject
Project("{FAE04EC0-301F-11D3-BF4B-00C04F79EFBC}") = "OrderReport", "src\OrderReport\OrderReport.csproj", "{C3BD5570-65ED-01DE-6FD7-FD826FA2B003}"
EndProject
Project("{FAE04EC0-301F-11D3-BF4B-00C04F79EFBC}") = "OrderApi", "src\OrderApi\OrderApi.csproj", "{C423E5CD-E8E0-C348-1DB5-6B120029FA12}"
EndProject
Project("{FAE04EC0-301F-11D3-BF4B-00C04F79EFBC}") = "Common", "src\Common\Common.csproj", "{3F3044DC-A9F8-DE16-79DD-4A0C1649CD06}"
EndProject
Project("{FAE04EC0-301F-11D3-BF4B-00C04F79EFBC}") = "Contracts", "src\Contracts\Contracts.csproj", "{A6C129A0-7E2A-4E34-BA8D-2B3261D205A2}"
EndProject
Global
	GlobalSection(SolutionConfigurationPlatforms) = preSolution
		Debug|Any CPU = Debug|Any CPU
		Debug|x64 = Debug|x64
		Debug|x86 = Debug|x86
		Release|Any CPU = Release|Any CPU
		Release|x64 = Release|x64
		Release|x86 = Release|x86
	EndGlobalSection
	GlobalSection(ProjectConfigurationPlatforms) = postSolution
		{3D8CDC15-24E9-CFAD-7C61-151A03EDA7F3}.Debug|Any CPU.ActiveCfg = Debug|Any CPU
		{3D8CDC15-24E9-CFAD-7C61-151A03EDA7F3}.Debug|Any CPU.Build.0 = Debug|Any CPU
		{3D8CDC15-24E9-CFAD-7C61-151A03EDA7F3}.Debug|x64.ActiveCfg = Debug|Any CPU
		{3D8CDC15-24E9-CFAD-7C61-151A03EDA7F3}.Debug|x64.Build.0 = Debug|Any CPU
		{3D8CDC15-24E9-CFAD-7C61-151A03EDA7F3}.Debug|x86.ActiveCfg = Debug|Any CPU
		{3D8CDC15-24E9-CFAD-7C61-151A03EDA7F3}.Debug|x86.Build.0 = Debug|Any CPU
		{3D8CDC15-24E9-CFAD-7C61-151A03EDA7F3}.Release|Any CPU.ActiveCfg = Release|Any CPU
		{3D8CDC15-24E9-CFAD-7C61-151A03EDA7F3}.Release|Any CPU.Build.0 = Release|Any CPU
		{3D8CDC15-24E9-CFAD-7C61-151A03EDA7F3}.Release|x64.ActiveCfg = Release|Any CPU
		{3D8CDC15-24E9-CFAD-7C61-151A03EDA7F3}.Release|x64.Build.0 = Release|Any CPU
		{3D8CDC15-24E9-CFAD-7C61-151A03EDA7F3}.Release|x86.ActiveCfg = Release|Any CPU
		{3D8CDC15-24E9-CFAD-7C61-151A03EDA7F3}.Release|x86.Build.0 = Release|Any CPU
		{C3BD5570-65ED-01DE-6FD7-FD826FA2B003}.Debug|Any CPU.ActiveCfg = Debug|Any CPU
		{C3BD5570-65ED-01DE-6FD7-FD826FA2B003}.Debug|Any CPU.Build.0 = Debug|Any CPU
		{C3BD5570-65ED-01DE-6FD7-FD826FA2B003}.Debug|x64.ActiveCfg = Debug|Any CPU
		{C3BD5570-65ED-01DE-6FD7-FD826FA2B003}.Debug|x64.Build.0 = Debug|Any CPU
		{C3BD5570-65ED-01DE-6FD7-FD826FA2B003}.Debug|x86.ActiveCfg = Debug|Any CPU
		{C3BD5570-65ED-01DE-6FD7-FD826FA2B003}.Debug|x86.Build.0 = Debug|Any CPU
		{C3BD5570-65ED-01DE-6FD7-FD826FA2B003}.Release|Any CPU.ActiveCfg = Release|Any CPU
		{C3BD5570-65ED-01DE-6FD7-FD826FA2B003}.Release|Any CPU.Build.0 = Release|Any CPU
		{C3BD5570-65ED-01DE-6FD7-FD826FA2B003}.Release|x64.ActiveCfg = Release|Any CPU
		{C3BD5570-65ED-01DE-6FD7-FD826FA2B003}.Release|x64.Build.0 = Release|Any CPU
		{C3BD5570-65ED-01DE-6FD7-FD826FA2B003}.Release|x86.ActiveCfg = Release|Any CPU
		{C3BD5570-65ED-01DE-6FD7-FD826FA2B003}.Release|x86.Build.0 = Release|Any CPU
		{C423E5CD-E8E0-C348-1DB5-6B120029FA12}.Debug|Any CPU.ActiveCfg = Debug|Any CPU
		{C423E5CD-E8E0-C348-1DB5-6B120029FA12}.Debug|Any CPU.Build.0 = Debug|Any CPU
		{C423E5CD-E8E0-C348-1DB5-6B120029FA12}.Debug|x64.ActiveCfg = Debug|Any CPU
		{C423E5CD-E8E0-C348-1DB5-6B120029FA12}.Debug|x64.Build.0 = Debug|Any CPU
		{C423E5CD-E8E0-C348-1DB5-6B120029FA12}.Debug|x86.ActiveCfg = Debug|Any CPU
		{C423E5CD-E8E0-C348-1DB5-6B120029FA12}.Debug|x86.Build.0 = Debug|Any CPU
		{C423E5CD-E8E0-C348-1DB5-6B120029FA12}.Release|Any CPU.ActiveCfg = Release|Any CPU
		{C423E5CD-E8E0-C348-1DB5-6B120029FA12}.Release|Any CPU.Build.0 = Release|Any CPU
		{C423E5CD-E8E0-C348-1DB5-6B120029FA12}.Release|x64.ActiveCfg = Release|Any CPU
		{C423E5CD-E8E0-C348-1DB5-6B120029FA12}.Release|x64.Build.0 = Release|Any CPU
		{C423E5CD-E8E0-C348-1DB5-6B120029FA12}.Release|x86.ActiveCfg = Release|Any CPU
		{C423E5CD-E8E0-C348-1DB5-6B120029FA12}.Release|x86.Build.0 = Release|Any CPU
		{3F3044DC-A9F8-DE16-79DD-4A0C1649CD06}.Debug|Any CPU.ActiveCfg = Debug|Any CPU
		{3F3044DC-A9F8-DE16-79DD-4A0C1649CD06}.Debug|Any CPU.Build.0 = Debug|Any CPU
		{3F3044DC-A9F8-DE16-79DD-4A0C1649CD06}.Debug|x64.ActiveCfg = Debug|Any CPU
		{3F3044DC-A9F8-DE16-79DD-4A0C1649CD06}.Debug|x64.Build.0 = Debug|Any CPU
		{3F3044DC-A9F8-DE16-79DD-4A0C1649CD06}.Debug|x86.ActiveCfg = Debug|Any CPU
		{3F3044DC-A9F8-DE16-79DD-4A0C1649CD06}.Debug|x86.Build.0 = Debug|Any CPU
		{3F3044DC-A9F8-DE16-79DD-4A0C1649CD06}.Release|Any CPU.ActiveCfg = Release|Any CPU
		{3F3044DC-A9F8-DE16-79DD-4A0C1649CD06}.Release|Any CPU.Build.0 = Release|Any CPU
		{3F3044DC-A9F8-DE16-79DD-4A0C1649CD06}.Release|x64.ActiveCfg = Release|Any CPU
		{3F3044DC-A9F8-DE16-79DD-4A0C1649CD06}.Release|x64.Build.0 = Release|Any CPU
		{3F3044DC-A9F8-DE16-79DD-4A0C1649CD06}.Release|x86.ActiveCfg = Release|Any CPU
		{3F3044DC-A9F8-DE16-79DD-4A0C1649CD06}.Release|x86.Build.0 = Release|Any CPU
		{A6C129A0-7E2A-4E34-BA8D-2B3261D205A2}.Debug|Any CPU.ActiveCfg = Debug|Any CPU
		{A6C129A0-7E2A-4E34-BA8D-2B3261D205A2}.Debug|Any CPU.Build.0 = Debug|Any CPU
		{A6C129A0-7E2A-4E34-BA8D-2B3261D205A2}.Debug|x64.ActiveCfg = Debug|Any CPU
		{A6C129A0-7E2A-4E34-BA8D-2B3261D205A2}.Debug|x64.Build.0 = Debug|Any CPU
		{A6C129A0-7E2A-4E34-BA8D-2B3261D205A2}.Debug|x86.ActiveCfg = Debug|Any CPU
		{A6C129A0-7E2A-4E34-BA8D-2B3261D205A2}.Debug|x86.Build.0 = Debug|Any CPU
		{A6C129A0-7E2A-4E34-BA8D-2B3261D205A2}.Release|Any CPU.ActiveCfg = Release|Any CPU
		{A6C129A0-7E2A-4E34-BA8D-2B3261D205A2}.Release|Any CPU.Build.0 = Release|Any CPU
		{A6C129A0-7E2A-4E34-BA8D-2B3261D205A2}.Release|x64.ActiveCfg = Release|Any CPU
		{A6C129A0-7E2A-4E34-BA8D-2B3261D205A2}.Release|x64.Build.0 = Release|Any CPU
		{A6C129A0-7E2A-4E34-BA8D-2B3261D205A2}.Release|x86.ActiveCfg = Release|Any CPU
		{A6C129A0-7E2A-4E34-BA8D-2B3261D205A2}.Release|x86.Build.0 = Release|Any CPU
	EndGlobalSection
	GlobalSection(SolutionProperties) = preSolution
		HideSolutionNode = FALSE
	EndGlobalSection
	GlobalSection(NestedProjects) = preSolution
		{3D8CDC15-24E9-CFAD-7C61-151A03EDA7F3} = {827E0CD3-B72D-47B6-A68D-7590B98EB39B}
		{C3BD5570-65ED-01DE-6FD7-FD826FA2B003} = {827E0CD3-B72D-47B6-A68D-7590B98EB39B}
		{C423E5CD-E8E0-C348-1DB5-6B120029FA12} = {827E0CD3-B72D-47B6-A68D-7590B98EB39B}
		{3F3044DC-A9F8-DE16-79DD-4A0C1649CD06} = {827E0CD3-B72D-47B6-A68D-7590B98EB39B}
		{A6C129A0-7E2A-4E34-BA8D-2B3261D205A2} = {827E0CD3-B72D-47B6-A68D-7590B98EB39B}
	EndGlobalSection
	GlobalSection(ExtensibilityGlobals) = postSolution
		SolutionGuid = {552AFA4F-CC62-49A1-A9AA-7C17757FBD1A}
	EndGlobalSection
EndGlobal
